// !$*UTF8*$!
{
	archiveVersion = 1;
	classes = {
	};
	objectVersion = 50;
	objects = {

/* Begin PBXBuildFile section */
		56A29C50236C008E003AD3CF /* AppDelegate.swift in Sources */ = {isa = PBXBuildFile; fileRef = 56A29C4F236C008E003AD3CF /* AppDelegate.swift */; };
		56A29C52236C008E003AD3CF /* SceneDelegate.swift in Sources */ = {isa = PBXBuildFile; fileRef = 56A29C51236C008E003AD3CF /* SceneDelegate.swift */; };
		56A29C54236C008E003AD3CF /* ViewController.swift in Sources */ = {isa = PBXBuildFile; fileRef = 56A29C53236C008E003AD3CF /* ViewController.swift */; };
		56A29C57236C008E003AD3CF /* Main.storyboard in Resources */ = {isa = PBXBuildFile; fileRef = 56A29C55236C008E003AD3CF /* Main.storyboard */; };
		56A29C59236C008F003AD3CF /* Assets.xcassets in Resources */ = {isa = PBXBuildFile; fileRef = 56A29C58236C008F003AD3CF /* Assets.xcassets */; };
		56A29C5C236C008F003AD3CF /* LaunchScreen.storyboard in Resources */ = {isa = PBXBuildFile; fileRef = 56A29C5A236C008F003AD3CF /* LaunchScreen.storyboard */; };
		56A29C66236C00B1003AD3CF /* RESideMenuContainerController.swift in Sources */ = {isa = PBXBuildFile; fileRef = 56A29C64236C00B1003AD3CF /* RESideMenuContainerController.swift */; };
		56A29C67236C00B1003AD3CF /* MenuViewController.swift in Sources */ = {isa = PBXBuildFile; fileRef = 56A29C65236C00B1003AD3CF /* MenuViewController.swift */; };
		56A29C6B236C015D003AD3CF /* SideMenuCell.xib in Resources */ = {isa = PBXBuildFile; fileRef = 56A29C69236C015D003AD3CF /* SideMenuCell.xib */; };
		56A29C6C236C015D003AD3CF /* SideMenuCell.swift in Sources */ = {isa = PBXBuildFile; fileRef = 56A29C6A236C015D003AD3CF /* SideMenuCell.swift */; };
		56A29C74236C0210003AD3CF /* UIViewController+RESideMenu.m in Sources */ = {isa = PBXBuildFile; fileRef = 56A29C6F236C0210003AD3CF /* UIViewController+RESideMenu.m */; };
		56A29C75236C0210003AD3CF /* RESideMenu.m in Sources */ = {isa = PBXBuildFile; fileRef = 56A29C71236C0210003AD3CF /* RESideMenu.m */; };
		56A29C76236C0210003AD3CF /* RECommonFunctions.m in Sources */ = {isa = PBXBuildFile; fileRef = 56A29C73236C0210003AD3CF /* RECommonFunctions.m */; };
		56A29C87236C05EC003AD3CF /* AppUtility.swift in Sources */ = {isa = PBXBuildFile; fileRef = 56A29C86236C05EC003AD3CF /* AppUtility.swift */; };
		56A29C89236C101F003AD3CF /* HomeViewController.swift in Sources */ = {isa = PBXBuildFile; fileRef = 56A29C88236C101F003AD3CF /* HomeViewController.swift */; };
/* End PBXBuildFile section */

/* Begin PBXFileReference section */
		56A29C4C236C008E003AD3CF /* SideMenuDemo.app */ = {isa = PBXFileReference; explicitFileType = wrapper.application; includeInIndex = 0; path = SideMenuDemo.app; sourceTree = BUILT_PRODUCTS_DIR; };
		56A29C4F236C008E003AD3CF /* AppDelegate.swift */ = {isa = PBXFileReference; lastKnownFileType = sourcecode.swift; path = AppDelegate.swift; sourceTree = "<group>"; };
		56A29C51236C008E003AD3CF /* SceneDelegate.swift */ = {isa = PBXFileReference; lastKnownFileType = sourcecode.swift; path = SceneDelegate.swift; sourceTree = "<group>"; };
		56A29C53236C008E003AD3CF /* ViewController.swift */ = {isa = PBXFileReference; lastKnownFileType = sourcecode.swift; path = ViewController.swift; sourceTree = "<group>"; };
		56A29C56236C008E003AD3CF /* Base */ = {isa = PBXFileReference; lastKnownFileType = file.storyboard; name = Base; path = Base.lproj/Main.storyboard; sourceTree = "<group>"; };
		56A29C58236C008F003AD3CF /* Assets.xcassets */ = {isa = PBXFileReference; lastKnownFileType = folder.assetcatalog; path = Assets.xcassets; sourceTree = "<group>"; };
		56A29C5B236C008F003AD3CF /* Base */ = {isa = PBXFileReference; lastKnownFileType = file.storyboard; name = Base; path = Base.lproj/LaunchScreen.storyboard; sourceTree = "<group>"; };
		56A29C5D236C008F003AD3CF /* Info.plist */ = {isa = PBXFileReference; lastKnownFileType = text.plist.xml; path = Info.plist; sourceTree = "<group>"; };
		56A29C64236C00B1003AD3CF /* RESideMenuContainerController.swift */ = {isa = PBXFileReference; fileEncoding = 4; lastKnownFileType = sourcecode.swift; path = RESideMenuContainerController.swift; sourceTree = "<group>"; };
		56A29C65236C00B1003AD3CF /* MenuViewController.swift */ = {isa = PBXFileReference; fileEncoding = 4; lastKnownFileType = sourcecode.swift; path = MenuViewController.swift; sourceTree = "<group>"; };
		56A29C69236C015D003AD3CF /* SideMenuCell.xib */ = {isa = PBXFileReference; fileEncoding = 4; lastKnownFileType = file.xib; path = SideMenuCell.xib; sourceTree = "<group>"; };
		56A29C6A236C015D003AD3CF /* SideMenuCell.swift */ = {isa = PBXFileReference; fileEncoding = 4; lastKnownFileType = sourcecode.swift; path = SideMenuCell.swift; sourceTree = "<group>"; };
		56A29C6E236C0210003AD3CF /* RESideMenu.h */ = {isa = PBXFileReference; fileEncoding = 4; lastKnownFileType = sourcecode.c.h; path = RESideMenu.h; sourceTree = "<group>"; };
		56A29C6F236C0210003AD3CF /* UIViewController+RESideMenu.m */ = {isa = PBXFileReference; fileEncoding = 4; lastKnownFileType = sourcecode.c.objc; path = "UIViewController+RESideMenu.m"; sourceTree = "<group>"; };
		56A29C70236C0210003AD3CF /* RECommonFunctions.h */ = {isa = PBXFileReference; fileEncoding = 4; lastKnownFileType = sourcecode.c.h; path = RECommonFunctions.h; sourceTree = "<group>"; };
		56A29C71236C0210003AD3CF /* RESideMenu.m */ = {isa = PBXFileReference; fileEncoding = 4; lastKnownFileType = sourcecode.c.objc; path = RESideMenu.m; sourceTree = "<group>"; };
		56A29C72236C0210003AD3CF /* UIViewController+RESideMenu.h */ = {isa = PBXFileReference; fileEncoding = 4; lastKnownFileType = sourcecode.c.h; path = "UIViewController+RESideMenu.h"; sourceTree = "<group>"; };
		56A29C73236C0210003AD3CF /* RECommonFunctions.m */ = {isa = PBXFileReference; fileEncoding = 4; lastKnownFileType = sourcecode.c.objc; path = RECommonFunctions.m; sourceTree = "<group>"; };
		56A29C85236C03FC003AD3CF /* SideMenuDemo-Bridging-Header.h */ = {isa = PBXFileReference; lastKnownFileType = sourcecode.c.h; path = "SideMenuDemo-Bridging-Header.h"; sourceTree = "<group>"; };
		56A29C86236C05EC003AD3CF /* AppUtility.swift */ = {isa = PBXFileReference; lastKnownFileType = sourcecode.swift; path = AppUtility.swift; sourceTree = "<group>"; };
		56A29C88236C101F003AD3CF /* HomeViewController.swift */ = {isa = PBXFileReference; lastKnownFileType = sourcecode.swift; path = HomeViewController.swift; sourceTree = "<group>"; };
/* End PBXFileReference section */

/* Begin PBXFrameworksBuildPhase section */
		56A29C49236C008E003AD3CF /* Frameworks */ = {
			isa = PBXFrameworksBuildPhase;
			buildActionMask = 2147483647;
			files = (
			);
			runOnlyForDeploymentPostprocessing = 0;
		};
/* End PBXFrameworksBuildPhase section */

/* Begin PBXGroup section */
		56A29C43236C008E003AD3CF = {
			isa = PBXGroup;
			children = (
				56A29C4E236C008E003AD3CF /* SideMenuDemo */,
				56A29C4D236C008E003AD3CF /* Products */,
			);
			sourceTree = "<group>";
		};
		56A29C4D236C008E003AD3CF /* Products */ = {
			isa = PBXGroup;
			children = (
				56A29C4C236C008E003AD3CF /* SideMenuDemo.app */,
			);
			name = Products;
			sourceTree = "<group>";
		};
		56A29C4E236C008E003AD3CF /* SideMenuDemo */ = {
			isa = PBXGroup;
			children = (
				56A29C63236C00B1003AD3CF /* Base */,
				56A29C4F236C008E003AD3CF /* AppDelegate.swift */,
				56A29C51236C008E003AD3CF /* SceneDelegate.swift */,
				56A29C53236C008E003AD3CF /* ViewController.swift */,
				56A29C55236C008E003AD3CF /* Main.storyboard */,
				56A29C58236C008F003AD3CF /* Assets.xcassets */,
				56A29C5A236C008F003AD3CF /* LaunchScreen.storyboard */,
				56A29C5D236C008F003AD3CF /* Info.plist */,
				56A29C85236C03FC003AD3CF /* SideMenuDemo-Bridging-Header.h */,
				56A29C88236C101F003AD3CF /* HomeViewController.swift */,
			);
			path = SideMenuDemo;
			sourceTree = "<group>";
		};
		56A29C63236C00B1003AD3CF /* Base */ = {
			isa = PBXGroup;
			children = (
				56A29C6D236C0210003AD3CF /* RESideMenu */,
				56A29C68236C015D003AD3CF /* SideMenuCell */,
				56A29C64236C00B1003AD3CF /* RESideMenuContainerController.swift */,
				56A29C65236C00B1003AD3CF /* MenuViewController.swift */,
				56A29C86236C05EC003AD3CF /* AppUtility.swift */,
			);
			path = Base;
			sourceTree = "<group>";
		};
		56A29C68236C015D003AD3CF /* SideMenuCell */ = {
			isa = PBXGroup;
			children = (
				56A29C69236C015D003AD3CF /* SideMenuCell.xib */,
				56A29C6A236C015D003AD3CF /* SideMenuCell.swift */,
			);
			path = SideMenuCell;
			sourceTree = "<group>";
		};
		56A29C6D236C0210003AD3CF /* RESideMenu */ = {
			isa = PBXGroup;
			children = (
				56A29C6E236C0210003AD3CF /* RESideMenu.h */,
				56A29C6F236C0210003AD3CF /* UIViewController+RESideMenu.m */,
				56A29C70236C0210003AD3CF /* RECommonFunctions.h */,
				56A29C71236C0210003AD3CF /* RESideMenu.m */,
				56A29C72236C0210003AD3CF /* UIViewController+RESideMenu.h */,
				56A29C73236C0210003AD3CF /* RECommonFunctions.m */,
			);
			path = RESideMenu;
			sourceTree = "<group>";
		};
/* End PBXGroup section */

/* Begin PBXNativeTarget section */
		56A29C4B236C008E003AD3CF /* SideMenuDemo */ = {
			isa = PBXNativeTarget;
			buildConfigurationList = 56A29C60236C008F003AD3CF /* Build configuration list for PBXNativeTarget "SideMenuDemo" */;
			buildPhases = (
				56A29C48236C008E003AD3CF /* Sources */,
				56A29C49236C008E003AD3CF /* Frameworks */,
				56A29C4A236C008E003AD3CF /* Resources */,
			);
			buildRules = (
			);
			dependencies = (
			);
			name = SideMenuDemo;
			productName = SideMenuDemo;
			productReference = 56A29C4C236C008E003AD3CF /* SideMenuDemo.app */;
			productType = "com.apple.product-type.application";
		};
/* End PBXNativeTarget section */

/* Begin PBXProject section */
		56A29C44236C008E003AD3CF /* Project object */ = {
			isa = PBXProject;
			attributes = {
				LastSwiftUpdateCheck = 1100;
				LastUpgradeCheck = 1100;
				ORGANIZATIONNAME = mac;
				TargetAttributes = {
					56A29C4B236C008E003AD3CF = {
						CreatedOnToolsVersion = 11.0;
					};
				};
			};
			buildConfigurationList = 56A29C47236C008E003AD3CF /* Build configuration list for PBXProject "SideMenuDemo" */;
			compatibilityVersion = "Xcode 9.3";
			developmentRegion = en;
			hasScannedForEncodings = 0;
			knownRegions = (
				en,
				Base,
			);
			mainGroup = 56A29C43236C008E003AD3CF;
			productRefGroup = 56A29C4D236C008E003AD3CF /* Products */;
			projectDirPath = "";
			projectRoot = "";
			targets = (
				56A29C4B236C008E003AD3CF /* SideMenuDemo */,
			);
		};
/* End PBXProject section */

/* Begin PBXResourcesBuildPhase section */
		56A29C4A236C008E003AD3CF /* Resources */ = {
			isa = PBXResourcesBuildPhase;
			buildActionMask = 2147483647;
			files = (
				56A29C5C236C008F003AD3CF /* LaunchScreen.storyboard in Resources */,
				56A29C59236C008F003AD3CF /* Assets.xcassets in Resources */,
				56A29C57236C008E003AD3CF /* Main.storyboard in Resources */,
				56A29C6B236C015D003AD3CF /* SideMenuCell.xib in Resources */,
			);
			runOnlyForDeploymentPostprocessing = 0;
		};
/* End PBXResourcesBuildPhase section */

/* Begin PBXSourcesBuildPhase section */
		56A29C48236C008E003AD3CF /* Sources */ = {
			isa = PBXSourcesBuildPhase;
			buildActionMask = 2147483647;
			files = (
				56A29C75236C0210003AD3CF /* RESideMenu.m in Sources */,
				56A29C76236C0210003AD3CF /* RECommonFunctions.m in Sources */,
				56A29C87236C05EC003AD3CF /* AppUtility.swift in Sources */,
				56A29C54236C008E003AD3CF /* ViewController.swift in Sources */,
				56A29C67236C00B1003AD3CF /* MenuViewController.swift in Sources */,
				56A29C50236C008E003AD3CF /* AppDelegate.swift in Sources */,
				56A29C66236C00B1003AD3CF /* RESideMenuContainerController.swift in Sources */,
				56A29C89236C101F003AD3CF /* HomeViewController.swift in Sources */,
				56A29C52236C008E003AD3CF /* SceneDelegate.swift in Sources */,
				56A29C74236C0210003AD3CF /* UIViewController+RESideMenu.m in Sources */,
				56A29C6C236C015D003AD3CF /* SideMenuCell.swift in Sources */,
			);
			runOnlyForDeploymentPostprocessing = 0;
		};
/* End PBXSourcesBuildPhase section */

/* Begin PBXVariantGroup section */
		56A29C55236C008E003AD3CF /* Main.storyboard */ = {
			isa = PBXVariantGroup;
			children = (
				56A29C56236C008E003AD3CF /* Base */,
			);
			name = Main.storyboard;
			sourceTree = "<group>";
		};
		56A29C5A236C008F003AD3CF /* LaunchScreen.storyboard */ = {
			isa = PBXVariantGroup;
			children = (
				56A29C5B236C008F003AD3CF /* Base */,
			);
			name = LaunchScreen.storyboard;
			sourceTree = "<group>";
		};
/* End PBXVariantGroup section */

/* Begin XCBuildConfiguration section */
		56A29C5E236C008F003AD3CF /* Debug */ = {
			isa = XCBuildConfiguration;
			buildSettings = {
				ALWAYS_SEARCH_USER_PATHS = NO;
				CLANG_ANALYZER_NONNULL = YES;
				CLANG_ANALYZER_NUMBER_OBJECT_CONVERSION = YES_AGGRESSIVE;
				CLANG_CXX_LANGUAGE_STANDARD = "gnu++14";
				CLANG_CXX_LIBRARY = "libc++";
				CLANG_ENABLE_MODULES = YES;
				CLANG_ENABLE_OBJC_ARC = YES;
				CLANG_ENABLE_OBJC_WEAK = YES;
				CLANG_WARN_BLOCK_CAPTURE_AUTORELEASING = YES;
				CLANG_WARN_BOOL_CONVERSION = YES;
				CLANG_WARN_COMMA = YES;
				CLANG_WARN_CONSTANT_CONVERSION = YES;
				CLANG_WARN_DEPRECATED_OBJC_IMPLEMENTATIONS = YES;
				CLANG_WARN_DIRECT_OBJC_ISA_USAGE = YES_ERROR;
				CLANG_WARN_DOCUMENTATION_COMMENTS = YES;
				CLANG_WARN_EMPTY_BODY = YES;
				CLANG_WARN_ENUM_CONVERSION = YES;
				CLANG_WARN_INFINITE_RECURSION = YES;
				CLANG_WARN_INT_CONVERSION = YES;
				CLANG_WARN_NON_LITERAL_NULL_CONVERSION = YES;
				CLANG_WARN_OBJC_IMPLICIT_RETAIN_SELF = YES;
				CLANG_WARN_OBJC_LITERAL_CONVERSION = YES;
				CLANG_WARN_OBJC_ROOT_CLASS = YES_ERROR;
				CLANG_WARN_RANGE_LOOP_ANALYSIS = YES;
				CLANG_WARN_STRICT_PROTOTYPES = YES;
				CLANG_WARN_SUSPICIOUS_MOVE = YES;
				CLANG_WARN_UNGUARDED_AVAILABILITY = YES_AGGRESSIVE;
				CLANG_WARN_UNREACHABLE_CODE = YES;
				CLANG_WARN__DUPLICATE_METHOD_MATCH = YES;
				COPY_PHASE_STRIP = NO;
				DEBUG_INFORMATION_FORMAT = dwarf;
				ENABLE_STRICT_OBJC_MSGSEND = YES;
				ENABLE_TESTABILITY = YES;
				GCC_C_LANGUAGE_STANDARD = gnu11;
				GCC_DYNAMIC_NO_PIC = NO;
				GCC_NO_COMMON_BLOCKS = YES;
				GCC_OPTIMIZATION_LEVEL = 0;
				GCC_PREPROCESSOR_DEFINITIONS = (
					"DEBUG=1",
					"$(inherited)",
				);
				GCC_WARN_64_TO_32_BIT_CONVERSION = YES;
				GCC_WARN_ABOUT_RETURN_TYPE = YES_ERROR;
				GCC_WARN_UNDECLARED_SELECTOR = YES;
				GCC_WARN_UNINITIALIZED_AUTOS = YES_AGGRESSIVE;
				GCC_WARN_UNUSED_FUNCTION = YES;
				GCC_WARN_UNUSED_VARIABLE = YES;
				IPHONEOS_DEPLOYMENT_TARGET = 13.0;
				MTL_ENABLE_DEBUG_INFO = INCLUDE_SOURCE;
				MTL_FAST_MATH = YES;
				ONLY_ACTIVE_ARCH = YES;
				SDKROOT = iphoneos;
				SWIFT_ACTIVE_COMPILATION_CONDITIONS = DEBUG;
				SWIFT_OPTIMIZATION_LEVEL = "-Onone";
			};
			name = Debug;
		};
		56A29C5F236C008F003AD3CF /* Release */ = {
			isa = XCBuildConfiguration;
			buildSettings = {
				ALWAYS_SEARCH_USER_PATHS = NO;
				CLANG_ANALYZER_NONNULL = YES;
				CLANG_ANALYZER_NUMBER_OBJECT_CONVERSION = YES_AGGRESSIVE;
				CLANG_CXX_LANGUAGE_STANDARD = "gnu++14";
				CLANG_CXX_LIBRARY = "libc++";
				CLANG_ENABLE_MODULES = YES;
				CLANG_ENABLE_OBJC_ARC = YES;
				CLANG_ENABLE_OBJC_WEAK = YES;
				CLANG_WARN_BLOCK_CAPTURE_AUTORELEASING = YES;
				CLANG_WARN_BOOL_CONVERSION = YES;
				CLANG_WARN_COMMA = YES;
				CLANG_WARN_CONSTANT_CONVERSION = YES;
				CLANG_WARN_DEPRECATED_OBJC_IMPLEMENTATIONS = YES;
				CLANG_WARN_DIRECT_OBJC_ISA_USAGE = YES_ERROR;
				CLANG_WARN_DOCUMENTATION_COMMENTS = YES;
				CLANG_WARN_EMPTY_BODY = YES;
				CLANG_WARN_ENUM_CONVERSION = YES;
				CLANG_WARN_INFINITE_RECURSION = YES;
				CLANG_WARN_INT_CONVERSION = YES;
				CLANG_WARN_NON_LITERAL_NULL_CONVERSION = YES;
				CLANG_WARN_OBJC_IMPLICIT_RETAIN_SELF = YES;
				CLANG_WARN_OBJC_LITERAL_CONVERSION = YES;
				CLANG_WARN_OBJC_ROOT_CLASS = YES_ERROR;
				CLANG_WARN_RANGE_LOOP_ANALYSIS = YES;
				CLANG_WARN_STRICT_PROTOTYPES = YES;
				CLANG_WARN_SUSPICIOUS_MOVE = YES;
				CLANG_WARN_UNGUARDED_AVAILABILITY = YES_AGGRESSIVE;
				CLANG_WARN_UNREACHABLE_CODE = YES;
				CLANG_WARN__DUPLICATE_METHOD_MATCH = YES;
				COPY_PHASE_STRIP = NO;
				DEBUG_INFORMATION_FORMAT = "dwarf-with-dsym";
				ENABLE_NS_ASSERTIONS = NO;
				ENABLE_STRICT_OBJC_MSGSEND = YES;
				GCC_C_LANGUAGE_STANDARD = gnu11;
				GCC_NO_COMMON_BLOCKS = YES;
				GCC_WARN_64_TO_32_BIT_CONVERSION = YES;
				GCC_WARN_ABOUT_RETURN_TYPE = YES_ERROR;
				GCC_WARN_UNDECLARED_SELECTOR = YES;
				GCC_WARN_UNINITIALIZED_AUTOS = YES_AGGRESSIVE;
				GCC_WARN_UNUSED_FUNCTION = YES;
				GCC_WARN_UNUSED_VARIABLE = YES;
				IPHONEOS_DEPLOYMENT_TARGET = 13.0;
				MTL_ENABLE_DEBUG_INFO = NO;
				MTL_FAST_MATH = YES;
				SDKROOT = iphoneos;
				SWIFT_COMPILATION_MODE = wholemodule;
				SWIFT_OPTIMIZATION_LEVEL = "-O";
				VALIDATE_PRODUCT = YES;
			};
			name = Release;
		};
		56A29C61236C008F003AD3CF /* Debug */ = {
			isa = XCBuildConfiguration;
			buildSettings = {
				ASSETCATALOG_COMPILER_APPICON_NAME = AppIcon;
				CODE_SIGN_STYLE = Automatic;
				INFOPLIST_FILE = SideMenuDemo/Info.plist;
				LD_RUNPATH_SEARCH_PATHS = (
					"$(inherited)",
					"@executable_path/Frameworks",
				);
				PRODUCT_BUNDLE_IDENTIFIER = com.SideMenuDemo;
				PRODUCT_NAME = "$(TARGET_NAME)";
				SWIFT_OBJC_BRIDGING_HEADER = "SideMenuDemo/SideMenuDemo-Bridging-Header.h";
				SWIFT_VERSION = 5.0;
				TARGETED_DEVICE_FAMILY = "1,2";
			};
			name = Debug;
		};
		56A29C62236C008F003AD3CF /* Release */ = {
			isa = XCBuildConfiguration;
			buildSettings = {
				ASSETCATALOG_COMPILER_APPICON_NAME = AppIcon;
				CODE_SIGN_STYLE = Automatic;
				INFOPLIST_FILE = SideMenuDemo/Info.plist;
				LD_RUNPATH_SEARCH_PATHS = (
					"$(inherited)",
					"@executable_path/Frameworks",
				);
				PRODUCT_BUNDLE_IDENTIFIER = com.SideMenuDemo;
				PRODUCT_NAME = "$(TARGET_NAME)";
				SWIFT_OBJC_BRIDGING_HEADER = "SideMenuDemo/SideMenuDemo-Bridging-Header.h";
				SWIFT_VERSION = 5.0;
				TARGETED_DEVICE_FAMILY = "1,2";
			};
			name = Release;
		};
/* End XCBuildConfiguration section */

/* Begin XCConfigurationList section */
		56A29C47236C008E003AD3CF /* Build configuration list for PBXProject "SideMenuDemo" */ = {
			isa = XCConfigurationList;
			buildConfigurations = (
				56A29C5E236C008F003AD3CF /* Debug */,
				56A29C5F236C008F003AD3CF /* Release */,
			);
			defaultConfigurationIsVisible = 0;
			defaultConfigurationName = Release;
		};
		56A29C60236C008F003AD3CF /* Build configuration list for PBXNativeTarget "SideMenuDemo" */ = {
			isa = XCConfigurationList;
			buildConfigurations = (
				56A29C61236C008F003AD3CF /* Debug */,
				56A29C62236C008F003AD3CF /* Release */,
			);
			defaultConfigurationIsVisible = 0;
			defaultConfigurationName = Release;
		};
/* End XCConfigurationList section */
	};
	rootObject = 56A29C44236C008E003AD3CF /* Project object */;
}
